// !$*UTF8*$!
{
	archiveVersion = 1;
	classes = {
	};
	objectVersion = 50;
	objects = {

/* Begin PBXBuildFile section */
		48B39C9DA8B5C9F5440CF7B2 /* Pods_persistentDataTest.framework in Frameworks */ = {isa = PBXBuildFile; fileRef = 593DE1878B5F27CFB4A4FA5C /* Pods_persistentDataTest.framework */; };
		9908F4B0230A1C1D00B83A32 /* DataModel.xcdatamodeld in Sources */ = {isa = PBXBuildFile; fileRef = 9908F4AE230A1C1D00B83A32 /* DataModel.xcdatamodeld */; };
		9994EB142307F61B00F1F620 /* AppDelegate.swift in Sources */ = {isa = PBXBuildFile; fileRef = 9994EB132307F61B00F1F620 /* AppDelegate.swift */; };
		9994EB162307F61B00F1F620 /* ViewController.swift in Sources */ = {isa = PBXBuildFile; fileRef = 9994EB152307F61B00F1F620 /* ViewController.swift */; };
		9994EB192307F61B00F1F620 /* Main.storyboard in Resources */ = {isa = PBXBuildFile; fileRef = 9994EB172307F61B00F1F620 /* Main.storyboard */; };
		9994EB1B2307F61D00F1F620 /* Assets.xcassets in Resources */ = {isa = PBXBuildFile; fileRef = 9994EB1A2307F61D00F1F620 /* Assets.xcassets */; };
		9994EB1E2307F61D00F1F620 /* LaunchScreen.storyboard in Resources */ = {isa = PBXBuildFile; fileRef = 9994EB1C2307F61D00F1F620 /* LaunchScreen.storyboard */; };
/* End PBXBuildFile section */

/* Begin PBXFileReference section */
		593DE1878B5F27CFB4A4FA5C /* Pods_persistentDataTest.framework */ = {isa = PBXFileReference; explicitFileType = wrapper.framework; includeInIndex = 0; path = Pods_persistentDataTest.framework; sourceTree = BUILT_PRODUCTS_DIR; };
		9908F4AF230A1C1D00B83A32 /* DataModel.xcdatamodel */ = {isa = PBXFileReference; lastKnownFileType = wrapper.xcdatamodel; path = DataModel.xcdatamodel; sourceTree = "<group>"; };
		9994EB102307F61B00F1F620 /* persistentDataTest.app */ = {isa = PBXFileReference; explicitFileType = wrapper.application; includeInIndex = 0; path = persistentDataTest.app; sourceTree = BUILT_PRODUCTS_DIR; };
		9994EB132307F61B00F1F620 /* AppDelegate.swift */ = {isa = PBXFileReference; lastKnownFileType = sourcecode.swift; path = AppDelegate.swift; sourceTree = "<group>"; };
		9994EB152307F61B00F1F620 /* ViewController.swift */ = {isa = PBXFileReference; lastKnownFileType = sourcecode.swift; path = ViewController.swift; sourceTree = "<group>"; };
		9994EB182307F61B00F1F620 /* Base */ = {isa = PBXFileReference; lastKnownFileType = file.storyboard; name = Base; path = Base.lproj/Main.storyboard; sourceTree = "<group>"; };
		9994EB1A2307F61D00F1F620 /* Assets.xcassets */ = {isa = PBXFileReference; lastKnownFileType = folder.assetcatalog; path = Assets.xcassets; sourceTree = "<group>"; };
		9994EB1D2307F61D00F1F620 /* Base */ = {isa = PBXFileReference; lastKnownFileType = file.storyboard; name = Base; path = Base.lproj/LaunchScreen.storyboard; sourceTree = "<group>"; };
		9994EB1F2307F61D00F1F620 /* Info.plist */ = {isa = PBXFileReference; lastKnownFileType = text.plist.xml; path = Info.plist; sourceTree = "<group>"; };
		ADE6DCCAE38A3F0FDA3E3BEA /* Pods-persistentDataTest.debug.xcconfig */ = {isa = PBXFileReference; includeInIndex = 1; lastKnownFileType = text.xcconfig; name = "Pods-persistentDataTest.debug.xcconfig"; path = "Target Support Files/Pods-persistentDataTest/Pods-persistentDataTest.debug.xcconfig"; sourceTree = "<group>"; };
		EC9E9E4BE0531944E6DB48B5 /* Pods-persistentDataTest.release.xcconfig */ = {isa = PBXFileReference; includeInIndex = 1; lastKnownFileType = text.xcconfig; name = "Pods-persistentDataTest.release.xcconfig"; path = "Target Support Files/Pods-persistentDataTest/Pods-persistentDataTest.release.xcconfig"; sourceTree = "<group>"; };
/* End PBXFileReference section */

/* Begin PBXFrameworksBuildPhase section */
		9994EB0D2307F61B00F1F620 /* Frameworks */ = {
			isa = PBXFrameworksBuildPhase;
			buildActionMask = 2147483647;
			files = (
				48B39C9DA8B5C9F5440CF7B2 /* Pods_persistentDataTest.framework in Frameworks */,
			);
			runOnlyForDeploymentPostprocessing = 0;
		};
/* End PBXFrameworksBuildPhase section */

/* Begin PBXGroup section */
		6027177B9EA63C0A54A64D80 /* Frameworks */ = {
			isa = PBXGroup;
			children = (
				593DE1878B5F27CFB4A4FA5C /* Pods_persistentDataTest.framework */,
			);
			name = Frameworks;
			sourceTree = "<group>";
		};
		6970EAB954057C67242D96B1 /* Pods */ = {
			isa = PBXGroup;
			children = (
				ADE6DCCAE38A3F0FDA3E3BEA /* Pods-persistentDataTest.debug.xcconfig */,
				EC9E9E4BE0531944E6DB48B5 /* Pods-persistentDataTest.release.xcconfig */,
			);
			name = Pods;
			path = Pods;
			sourceTree = "<group>";
		};
		9994EB072307F61B00F1F620 = {
			isa = PBXGroup;
			children = (
				9994EB122307F61B00F1F620 /* persistentDataTest */,
				9994EB112307F61B00F1F620 /* Products */,
				6970EAB954057C67242D96B1 /* Pods */,
				6027177B9EA63C0A54A64D80 /* Frameworks */,
			);
			sourceTree = "<group>";
		};
		9994EB112307F61B00F1F620 /* Products */ = {
			isa = PBXGroup;
			children = (
				9994EB102307F61B00F1F620 /* persistentDataTest.app */,
			);
			name = Products;
			sourceTree = "<group>";
		};
		9994EB122307F61B00F1F620 /* persistentDataTest */ = {
			isa = PBXGroup;
			children = (
				9994EB282307F65600F1F620 /* Supporting Files */,
				9994EB272307F63C00F1F620 /* Controller */,
				9994EB262307F63600F1F620 /* View */,
				9994EB252307F62900F1F620 /* Model */,
			);
			path = persistentDataTest;
			sourceTree = "<group>";
		};
		9994EB252307F62900F1F620 /* Model */ = {
			isa = PBXGroup;
			children = (
				9908F4AE230A1C1D00B83A32 /* DataModel.xcdatamodeld */,
			);
			path = Model;
			sourceTree = "<group>";
		};
		9994EB262307F63600F1F620 /* View */ = {
			isa = PBXGroup;
			children = (
				9994EB172307F61B00F1F620 /* Main.storyboard */,
				9994EB1A2307F61D00F1F620 /* Assets.xcassets */,
				9994EB1C2307F61D00F1F620 /* LaunchScreen.storyboard */,
			);
			path = View;
			sourceTree = "<group>";
		};
		9994EB272307F63C00F1F620 /* Controller */ = {
			isa = PBXGroup;
			children = (
				9994EB132307F61B00F1F620 /* AppDelegate.swift */,
				9994EB152307F61B00F1F620 /* ViewController.swift */,
			);
			path = Controller;
			sourceTree = "<group>";
		};
		9994EB282307F65600F1F620 /* Supporting Files */ = {
			isa = PBXGroup;
			children = (
				9994EB1F2307F61D00F1F620 /* Info.plist */,
			);
			path = "Supporting Files";
			sourceTree = "<group>";
		};
/* End PBXGroup section */

/* Begin PBXNativeTarget section */
		9994EB0F2307F61B00F1F620 /* persistentDataTest */ = {
			isa = PBXNativeTarget;
			buildConfigurationList = 9994EB222307F61D00F1F620 /* Build configuration list for PBXNativeTarget "persistentDataTest" */;
			buildPhases = (
				9DE5D6ACF702886122F524B8 /* [CP] Check Pods Manifest.lock */,
				9994EB0C2307F61B00F1F620 /* Sources */,
				9994EB0D2307F61B00F1F620 /* Frameworks */,
				9994EB0E2307F61B00F1F620 /* Resources */,
				AFBAA3651F9FBB50D704056B /* [CP] Embed Pods Frameworks */,
			);
			buildRules = (
			);
			dependencies = (
			);
			name = persistentDataTest;
			productName = persistentDataTest;
			productReference = 9994EB102307F61B00F1F620 /* persistentDataTest.app */;
			productType = "com.apple.product-type.application";
		};
/* End PBXNativeTarget section */

/* Begin PBXProject section */
		9994EB082307F61B00F1F620 /* Project object */ = {
			isa = PBXProject;
			attributes = {
				LastSwiftUpdateCheck = 1020;
				LastUpgradeCheck = 1020;
				ORGANIZATIONNAME = CDNS;
				TargetAttributes = {
					9994EB0F2307F61B00F1F620 = {
						CreatedOnToolsVersion = 10.2.1;
					};
				};
			};
			buildConfigurationList = 9994EB0B2307F61B00F1F620 /* Build configuration list for PBXProject "persistentDataTest" */;
			compatibilityVersion = "Xcode 9.3";
			developmentRegion = en;
			hasScannedForEncodings = 0;
			knownRegions = (
				en,
				Base,
			);
			mainGroup = 9994EB072307F61B00F1F620;
			productRefGroup = 9994EB112307F61B00F1F620 /* Products */;
			projectDirPath = "";
			projectRoot = "";
			targets = (
				9994EB0F2307F61B00F1F620 /* persistentDataTest */,
			);
		};
/* End PBXProject section */

/* Begin PBXResourcesBuildPhase section */
		9994EB0E2307F61B00F1F620 /* Resources */ = {
			isa = PBXResourcesBuildPhase;
			buildActionMask = 2147483647;
			files = (
				9994EB1E2307F61D00F1F620 /* LaunchScreen.storyboard in Resources */,
				9994EB1B2307F61D00F1F620 /* Assets.xcassets in Resources */,
				9994EB192307F61B00F1F620 /* Main.storyboard in Resources */,
			);
			runOnlyForDeploymentPostprocessing = 0;
		};
/* End PBXResourcesBuildPhase section */

/* Begin PBXShellScriptBuildPhase section */
		9DE5D6ACF702886122F524B8 /* [CP] Check Pods Manifest.lock */ = {
			isa = PBXShellScriptBuildPhase;
			buildActionMask = 2147483647;
			files = (
			);
			inputFileListPaths = (
			);
			inputPaths = (
				"${PODS_PODFILE_DIR_PATH}/Podfile.lock",
				"${PODS_ROOT}/Manifest.lock",
			);
			name = "[CP] Check Pods Manifest.lock";
			outputFileListPaths = (
			);
			outputPaths = (
				"$(DERIVED_FILE_DIR)/Pods-persistentDataTest-checkManifestLockResult.txt",
			);
			runOnlyForDeploymentPostprocessing = 0;
			shellPath = /bin/sh;
			shellScript = "diff \"${PODS_PODFILE_DIR_PATH}/Podfile.lock\" \"${PODS_ROOT}/Manifest.lock\" > /dev/null\nif [ $? != 0 ] ; then\n    # print error to STDERR\n    echo \"error: The sandbox is not in sync with the Podfile.lock. Run 'pod install' or update your CocoaPods installation.\" >&2\n    exit 1\nfi\n# This output is used by Xcode 'outputs' to avoid re-running this script phase.\necho \"SUCCESS\" > \"${SCRIPT_OUTPUT_FILE_0}\"\n";
			showEnvVarsInLog = 0;
		};
		AFBAA3651F9FBB50D704056B /* [CP] Embed Pods Frameworks */ = {
			isa = PBXShellScriptBuildPhase;
			buildActionMask = 2147483647;
			files = (
			);
			inputFileListPaths = (
				"${PODS_ROOT}/Target Support Files/Pods-persistentDataTest/Pods-persistentDataTest-frameworks-${CONFIGURATION}-input-files.xcfilelist",
			);
			name = "[CP] Embed Pods Frameworks";
			outputFileListPaths = (
				"${PODS_ROOT}/Target Support Files/Pods-persistentDataTest/Pods-persistentDataTest-frameworks-${CONFIGURATION}-output-files.xcfilelist",
			);
			runOnlyForDeploymentPostprocessing = 0;
			shellPath = /bin/sh;
			shellScript = "\"${PODS_ROOT}/Target Support Files/Pods-persistentDataTest/Pods-persistentDataTest-frameworks.sh\"\n";
			showEnvVarsInLog = 0;
		};
/* End PBXShellScriptBuildPhase section */

/* Begin PBXSourcesBuildPhase section */
		9994EB0C2307F61B00F1F620 /* Sources */ = {
			isa = PBXSourcesBuildPhase;
			buildActionMask = 2147483647;
			files = (
				9994EB162307F61B00F1F620 /* ViewController.swift in Sources */,
				9908F4B0230A1C1D00B83A32 /* DataModel.xcdatamodeld in Sources */,
				9994EB142307F61B00F1F620 /* AppDelegate.swift in Sources */,
			);
			runOnlyForDeploymentPostprocessing = 0;
		};
/* End PBXSourcesBuildPhase section */

/* Begin PBXVariantGroup section */
		9994EB172307F61B00F1F620 /* Main.storyboard */ = {
			isa = PBXVariantGroup;
			children = (
				9994EB182307F61B00F1F620 /* Base */,
			);
			name = Main.storyboard;
			sourceTree = "<group>";
		};
		9994EB1C2307F61D00F1F620 /* LaunchScreen.storyboard */ = {
			isa = PBXVariantGroup;
			children = (
				9994EB1D2307F61D00F1F620 /* Base */,
			);
			name = LaunchScreen.storyboard;
			sourceTree = "<group>";
		};
/* End PBXVariantGroup section */

/* Begin XCBuildConfiguration section */
		9994EB202307F61D00F1F620 /* Debug */ = {
			isa = XCBuildConfiguration;
			buildSettings = {
				ALWAYS_SEARCH_USER_PATHS = NO;
				CLANG_ANALYZER_NONNULL = YES;
				CLANG_ANALYZER_NUMBER_OBJECT_CONVERSION = YES_AGGRESSIVE;
				CLANG_CXX_LANGUAGE_STANDARD = "gnu++14";
				CLANG_CXX_LIBRARY = "libc++";
				CLANG_ENABLE_MODULES = YES;
				CLANG_ENABLE_OBJC_ARC = YES;
				CLANG_ENABLE_OBJC_WEAK = YES;
				CLANG_WARN_BLOCK_CAPTURE_AUTORELEASING = YES;
				CLANG_WARN_BOOL_CONVERSION = YES;
				CLANG_WARN_COMMA = YES;
				CLANG_WARN_CONSTANT_CONVERSION = YES;
				CLANG_WARN_DEPRECATED_OBJC_IMPLEMENTATIONS = YES;
				CLANG_WARN_DIRECT_OBJC_ISA_USAGE = YES_ERROR;
				CLANG_WARN_DOCUMENTATION_COMMENTS = YES;
				CLANG_WARN_EMPTY_BODY = YES;
				CLANG_WARN_ENUM_CONVERSION = YES;
				CLANG_WARN_INFINITE_RECURSION = YES;
				CLANG_WARN_INT_CONVERSION = YES;
				CLANG_WARN_NON_LITERAL_NULL_CONVERSION = YES;
				CLANG_WARN_OBJC_IMPLICIT_RETAIN_SELF = YES;
				CLANG_WARN_OBJC_LITERAL_CONVERSION = YES;
				CLANG_WARN_OBJC_ROOT_CLASS = YES_ERROR;
				CLANG_WARN_RANGE_LOOP_ANALYSIS = YES;
				CLANG_WARN_STRICT_PROTOTYPES = YES;
				CLANG_WARN_SUSPICIOUS_MOVE = YES;
				CLANG_WARN_UNGUARDED_AVAILABILITY = YES_AGGRESSIVE;
				CLANG_WARN_UNREACHABLE_CODE = YES;
				CLANG_WARN__DUPLICATE_METHOD_MATCH = YES;
				CODE_SIGN_IDENTITY = "iPhone Developer";
				COPY_PHASE_STRIP = NO;
				DEBUG_INFORMATION_FORMAT = dwarf;
				ENABLE_STRICT_OBJC_MSGSEND = YES;
				ENABLE_TESTABILITY = YES;
				GCC_C_LANGUAGE_STANDARD = gnu11;
				GCC_DYNAMIC_NO_PIC = NO;
				GCC_NO_COMMON_BLOCKS = YES;
				GCC_OPTIMIZATION_LEVEL = 0;
				GCC_PREPROCESSOR_DEFINITIONS = (
					"DEBUG=1",
					"$(inherited)",
				);
				GCC_WARN_64_TO_32_BIT_CONVERSION = YES;
				GCC_WARN_ABOUT_RETURN_TYPE = YES_ERROR;
				GCC_WARN_UNDECLARED_SELECTOR = YES;
				GCC_WARN_UNINITIALIZED_AUTOS = YES_AGGRESSIVE;
				GCC_WARN_UNUSED_FUNCTION = YES;
				GCC_WARN_UNUSED_VARIABLE = YES;
				IPHONEOS_DEPLOYMENT_TARGET = 12.2;
				MTL_ENABLE_DEBUG_INFO = INCLUDE_SOURCE;
				MTL_FAST_MATH = YES;
				ONLY_ACTIVE_ARCH = YES;
				SDKROOT = iphoneos;
				SWIFT_ACTIVE_COMPILATION_CONDITIONS = DEBUG;
				SWIFT_OPTIMIZATION_LEVEL = "-Onone";
			};
			name = Debug;
		};
		9994EB212307F61D00F1F620 /* Release */ = {
			isa = XCBuildConfiguration;
			buildSettings = {
				ALWAYS_SEARCH_USER_PATHS = NO;
				CLANG_ANALYZER_NONNULL = YES;
				CLANG_ANALYZER_NUMBER_OBJECT_CONVERSION = YES_AGGRESSIVE;
				CLANG_CXX_LANGUAGE_STANDARD = "gnu++14";
				CLANG_CXX_LIBRARY = "libc++";
				CLANG_ENABLE_MODULES = YES;
				CLANG_ENABLE_OBJC_ARC = YES;
				CLANG_ENABLE_OBJC_WEAK = YES;
				CLANG_WARN_BLOCK_CAPTURE_AUTORELEASING = YES;
				CLANG_WARN_BOOL_CONVERSION = YES;
				CLANG_WARN_COMMA = YES;
				CLANG_WARN_CONSTANT_CONVERSION = YES;
				CLANG_WARN_DEPRECATED_OBJC_IMPLEMENTATIONS = YES;
				CLANG_WARN_DIRECT_OBJC_ISA_USAGE = YES_ERROR;
				CLANG_WARN_DOCUMENTATION_COMMENTS = YES;
				CLANG_WARN_EMPTY_BODY = YES;
				CLANG_WARN_ENUM_CONVERSION = YES;
				CLANG_WARN_INFINITE_RECURSION = YES;
				CLANG_WARN_INT_CONVERSION = YES;
				CLANG_WARN_NON_LITERAL_NULL_CONVERSION = YES;
				CLANG_WARN_OBJC_IMPLICIT_RETAIN_SELF = YES;
				CLANG_WARN_OBJC_LITERAL_CONVERSION = YES;
				CLANG_WARN_OBJC_ROOT_CLASS = YES_ERROR;
				CLANG_WARN_RANGE_LOOP_ANALYSIS = YES;
				CLANG_WARN_STRICT_PROTOTYPES = YES;
				CLANG_WARN_SUSPICIOUS_MOVE = YES;
				CLANG_WARN_UNGUARDED_AVAILABILITY = YES_AGGRESSIVE;
				CLANG_WARN_UNREACHABLE_CODE = YES;
				CLANG_WARN__DUPLICATE_METHOD_MATCH = YES;
				CODE_SIGN_IDENTITY = "iPhone Developer";
				COPY_PHASE_STRIP = NO;
				DEBUG_INFORMATION_FORMAT = "dwarf-with-dsym";
				ENABLE_NS_ASSERTIONS = NO;
				ENABLE_STRICT_OBJC_MSGSEND = YES;
				GCC_C_LANGUAGE_STANDARD = gnu11;
				GCC_NO_COMMON_BLOCKS = YES;
				GCC_WARN_64_TO_32_BIT_CONVERSION = YES;
				GCC_WARN_ABOUT_RETURN_TYPE = YES_ERROR;
				GCC_WARN_UNDECLARED_SELECTOR = YES;
				GCC_WARN_UNINITIALIZED_AUTOS = YES_AGGRESSIVE;
				GCC_WARN_UNUSED_FUNCTION = YES;
				GCC_WARN_UNUSED_VARIABLE = YES;
				IPHONEOS_DEPLOYMENT_TARGET = 12.2;
				MTL_ENABLE_DEBUG_INFO = NO;
				MTL_FAST_MATH = YES;
				SDKROOT = iphoneos;
				SWIFT_COMPILATION_MODE = wholemodule;
				SWIFT_OPTIMIZATION_LEVEL = "-O";
				VALIDATE_PRODUCT = YES;
			};
			name = Release;
		};
		9994EB232307F61D00F1F620 /* Debug */ = {
			isa = XCBuildConfiguration;
			baseConfigurationReference = ADE6DCCAE38A3F0FDA3E3BEA /* Pods-persistentDataTest.debug.xcconfig */;
			buildSettings = {
				ASSETCATALOG_COMPILER_APPICON_NAME = AppIcon;
				CODE_SIGN_STYLE = Automatic;
				DEVELOPMENT_TEAM = Q9N53T7P53;
				INFOPLIST_FILE = "persistentDataTest/Supporting Files/Info.plist";
				LD_RUNPATH_SEARCH_PATHS = (
					"$(inherited)",
					"@executable_path/Frameworks",
				);
				PRODUCT_BUNDLE_IDENTIFIER = com.cdns.persistentDataTest;
				PRODUCT_NAME = "$(TARGET_NAME)";
				SWIFT_VERSION = 5.0;
				TARGETED_DEVICE_FAMILY = "1,2";
			};
			name = Debug;
		};
		9994EB242307F61D00F1F620 /* Release */ = {
			isa = XCBuildConfiguration;
			baseConfigurationReference = EC9E9E4BE0531944E6DB48B5 /* Pods-persistentDataTest.release.xcconfig */;
			buildSettings = {
				ASSETCATALOG_COMPILER_APPICON_NAME = AppIcon;
				CODE_SIGN_STYLE = Automatic;
				DEVELOPMENT_TEAM = Q9N53T7P53;
				INFOPLIST_FILE = "persistentDataTest/Supporting Files/Info.plist";
				LD_RUNPATH_SEARCH_PATHS = (
					"$(inherited)",
					"@executable_path/Frameworks",
				);
				PRODUCT_BUNDLE_IDENTIFIER = com.cdns.persistentDataTest;
				PRODUCT_NAME = "$(TARGET_NAME)";
				SWIFT_VERSION = 5.0;
				TARGETED_DEVICE_FAMILY = "1,2";
			};
			name = Release;
		};
/* End XCBuildConfiguration section */

/* Begin XCConfigurationList section */
		9994EB0B2307F61B00F1F620 /* Build configuration list for PBXProject "persistentDataTest" */ = {
			isa = XCConfigurationList;
			buildConfigurations = (
				9994EB202307F61D00F1F620 /* Debug */,
				9994EB212307F61D00F1F620 /* Release */,
			);
			defaultConfigurationIsVisible = 0;
			defaultConfigurationName = Release;
		};
		9994EB222307F61D00F1F620 /* Build configuration list for PBXNativeTarget "persistentDataTest" */ = {
			isa = XCConfigurationList;
			buildConfigurations = (
				9994EB232307F61D00F1F620 /* Debug */,
				9994EB242307F61D00F1F620 /* Release */,
			);
			defaultConfigurationIsVisible = 0;
			defaultConfigurationName = Release;
		};
/* End XCConfigurationList section */

/* Begin XCVersionGroup section */
		9908F4AE230A1C1D00B83A32 /* DataModel.xcdatamodeld */ = {
			isa = XCVersionGroup;
			children = (
				9908F4AF230A1C1D00B83A32 /* DataModel.xcdatamodel */,
			);
			currentVersion = 9908F4AF230A1C1D00B83A32 /* DataModel.xcdatamodel */;
			path = DataModel.xcdatamodeld;
			sourceTree = "<group>";
			versionGroupType = wrapper.xcdatamodel;
		};
/* End XCVersionGroup section */
	};
	rootObject = 9994EB082307F61B00F1F620 /* Project object */;
}
